
Microsoft Visual Studio Solution File, Format Version 12.00
# Visual Studio Version 17
VisualStudioVersion = 17.7.34003.232
MinimumVisualStudioVersion = 10.0.40219.1
Project("{FAE04EC0-301F-11D3-BF4B-00C04F79EFBC}") = "ASP.NET_MVC_BLOG_WEBSITE", "ASP.NET_MVC_BLOG_WEBSITE.csproj", "{16B32758-530F-413B-9F8C-3844C394020E}"
EndProject
Global
	GlobalSection(SolutionConfigurationPlatforms) = preSolution
		Debug|Any CPU = Debug|Any CPU
		Release|Any CPU = Release|Any CPU
	EndGlobalSection
	GlobalSection(ProjectConfigurationPlatforms) = postSolution
		{16B32758-530F-413B-9F8C-3844C394020E}.Debug|Any CPU.ActiveCfg = Debug|Any CPU
		{16B32758-530F-413B-9F8C-3844C394020E}.Debug|Any CPU.Build.0 = Debug|Any CPU
		{16B32758-530F-413B-9F8C-3844C394020E}.Release|Any CPU.ActiveCfg = Release|Any CPU
		{16B32758-530F-413B-9F8C-3844C394020E}.Release|Any CPU.Build.0 = Release|Any CPU
	EndGlobalSection
	GlobalSection(SolutionProperties) = preSolution
		HideSolutionNode = FALSE
	EndGlobalSection
	GlobalSection(ExtensibilityGlobals) = postSolution
		SolutionGuid = {EC3F9DF0-9BF4-4D63-9E9B-A6966414972A}
	EndGlobalSection
EndGlobal
